
Microsoft Visual Studio Solution File, Format Version 12.00
# Visual Studio Version 17
VisualStudioVersion = 17.8.34330.188
MinimumVisualStudioVersion = 10.0.40219.1
Project("{FAE04EC0-301F-11D3-BF4B-00C04F79EFBC}") = "Temperatur", "Temperatur\Temperatur.csproj", "{B11CEC07-033C-4955-B62A-7592E93CAD71}"
EndProject
Global
	GlobalSection(SolutionConfigurationPlatforms) = preSolution
		Debug|Any CPU = Debug|Any CPU
		Release|Any CPU = Release|Any CPU
	EndGlobalSection
	GlobalSection(ProjectConfigurationPlatforms) = postSolution
		{B11CEC07-033C-4955-B62A-7592E93CAD71}.Debug|Any CPU.ActiveCfg = Debug|Any CPU
		{B11CEC07-033C-4955-B62A-7592E93CAD71}.Debug|Any CPU.Build.0 = Debug|Any CPU
		{B11CEC07-033C-4955-B62A-7592E93CAD71}.Release|Any CPU.ActiveCfg = Release|Any CPU
		{B11CEC07-033C-4955-B62A-7592E93CAD71}.Release|Any CPU.Build.0 = Release|Any CPU
	EndGlobalSection
	GlobalSection(SolutionProperties) = preSolution
		HideSolutionNode = FALSE
	EndGlobalSection
	GlobalSection(ExtensibilityGlobals) = postSolution
		SolutionGuid = {C8B435BA-E0AC-44D3-ADFF-86C2F7E367A8}
	EndGlobalSection
EndGlobal
